
Microsoft Visual Studio Solution File, Format Version 12.00
# Visual Studio Version 17
VisualStudioVersion = 17.2.32602.215
MinimumVisualStudioVersion = 10.0.40219.1
Project("{FAE04EC0-301F-11D3-BF4B-00C04F79EFBC}") = "MouseNavigator_WPF", "MouseNavigator_WPF\MouseNavigator_WPF.csproj", "{B81CBC9B-C058-464A-BCEF-39FCEDF742B1}"
EndProject
Project("{8BC9CEB8-8B4A-11D0-8D11-00A0C91BC942}") = "MouseNavigator_Cpp", "MouseNavigator_Cpp\MouseNavigator_Cpp.vcxproj", "{EC353026-057C-45DD-A52C-976796F1399A}"
EndProject
Global
	GlobalSection(SolutionConfigurationPlatforms) = preSolution
		Debug|Any CPU = Debug|Any CPU
		Debug|ARM64 = Debug|ARM64
		Debug|x64 = Debug|x64
		Debug|x86 = Debug|x86
		Release|Any CPU = Release|Any CPU
		Release|ARM64 = Release|ARM64
		Release|x64 = Release|x64
		Release|x86 = Release|x86
	EndGlobalSection
	GlobalSection(ProjectConfigurationPlatforms) = postSolution
		{B81CBC9B-C058-464A-BCEF-39FCEDF742B1}.Debug|Any CPU.ActiveCfg = Debug|Any CPU
		{B81CBC9B-C058-464A-BCEF-39FCEDF742B1}.Debug|Any CPU.Build.0 = Debug|Any CPU
		{B81CBC9B-C058-464A-BCEF-39FCEDF742B1}.Debug|ARM64.ActiveCfg = Debug|Any CPU
		{B81CBC9B-C058-464A-BCEF-39FCEDF742B1}.Debug|ARM64.Build.0 = Debug|Any CPU
		{B81CBC9B-C058-464A-BCEF-39FCEDF742B1}.Debug|x64.ActiveCfg = Debug|Any CPU
		{B81CBC9B-C058-464A-BCEF-39FCEDF742B1}.Debug|x64.Build.0 = Debug|Any CPU
		{B81CBC9B-C058-464A-BCEF-39FCEDF742B1}.Debug|x86.ActiveCfg = Debug|Any CPU
		{B81CBC9B-C058-464A-BCEF-39FCEDF742B1}.Debug|x86.Build.0 = Debug|Any CPU
		{B81CBC9B-C058-464A-BCEF-39FCEDF742B1}.Release|Any CPU.ActiveCfg = Release|Any CPU
		{B81CBC9B-C058-464A-BCEF-39FCEDF742B1}.Release|Any CPU.Build.0 = Release|Any CPU
		{B81CBC9B-C058-464A-BCEF-39FCEDF742B1}.Release|ARM64.ActiveCfg = Release|Any CPU
		{B81CBC9B-C058-464A-BCEF-39FCEDF742B1}.Release|ARM64.Build.0 = Release|Any CPU
		{B81CBC9B-C058-464A-BCEF-39FCEDF742B1}.Release|x64.ActiveCfg = Release|Any CPU
		{B81CBC9B-C058-464A-BCEF-39FCEDF742B1}.Release|x64.Build.0 = Release|Any CPU
		{B81CBC9B-C058-464A-BCEF-39FCEDF742B1}.Release|x86.ActiveCfg = Release|Any CPU
		{B81CBC9B-C058-464A-BCEF-39FCEDF742B1}.Release|x86.Build.0 = Release|Any CPU
		{EC353026-057C-45DD-A52C-976796F1399A}.Debug|Any CPU.ActiveCfg = Debug|x64
		{EC353026-057C-45DD-A52C-976796F1399A}.Debug|Any CPU.Build.0 = Debug|x64
		{EC353026-057C-45DD-A52C-976796F1399A}.Debug|ARM64.ActiveCfg = Debug|x64
		{EC353026-057C-45DD-A52C-976796F1399A}.Debug|ARM64.Build.0 = Debug|x64
		{EC353026-057C-45DD-A52C-976796F1399A}.Debug|x64.ActiveCfg = Debug|x64
		{EC353026-057C-45DD-A52C-976796F1399A}.Debug|x64.Build.0 = Debug|x64
		{EC353026-057C-45DD-A52C-976796F1399A}.Debug|x86.ActiveCfg = Debug|Win32
		{EC353026-057C-45DD-A52C-976796F1399A}.Debug|x86.Build.0 = Debug|Win32
		{EC353026-057C-45DD-A52C-976796F1399A}.Release|Any CPU.ActiveCfg = Release|x64
		{EC353026-057C-45DD-A52C-976796F1399A}.Release|Any CPU.Build.0 = Release|x64
		{EC353026-057C-45DD-A52C-976796F1399A}.Release|ARM64.ActiveCfg = Release|x64
		{EC353026-057C-45DD-A52C-976796F1399A}.Release|ARM64.Build.0 = Release|x64
		{EC353026-057C-45DD-A52C-976796F1399A}.Release|x64.ActiveCfg = Release|x64
		{EC353026-057C-45DD-A52C-976796F1399A}.Release|x64.Build.0 = Release|x64
		{EC353026-057C-45DD-A52C-976796F1399A}.Release|x86.ActiveCfg = Release|Win32
		{EC353026-057C-45DD-A52C-976796F1399A}.Release|x86.Build.0 = Release|Win32
	EndGlobalSection
	GlobalSection(SolutionProperties) = preSolution
		HideSolutionNode = FALSE
	EndGlobalSection
	GlobalSection(ExtensibilityGlobals) = postSolution
		SolutionGuid = {A7C0B933-17E9-4147-A9DF-7E37545E748C}
	EndGlobalSection
EndGlobal
